
Microsoft Visual Studio Solution File, Format Version 12.00
# Visual Studio 15
VisualStudioVersion = 15.0.28307.329
MinimumVisualStudioVersion = 10.0.40219.1
Project("{FAE04EC0-301F-11D3-BF4B-00C04F79EFBC}") = "AdoNetFirma2019", "AdoNetFirma2019\AdoNetFirma2019.csproj", "{2D6AE52A-111B-4BE3-8BF5-42DD86A99A0E}"
EndProject
Global
	GlobalSection(SolutionConfigurationPlatforms) = preSolution
		Debug|Any CPU = Debug|Any CPU
		Release|Any CPU = Release|Any CPU
	EndGlobalSection
	GlobalSection(ProjectConfigurationPlatforms) = postSolution
		{2D6AE52A-111B-4BE3-8BF5-42DD86A99A0E}.Debug|Any CPU.ActiveCfg = Debug|Any CPU
		{2D6AE52A-111B-4BE3-8BF5-42DD86A99A0E}.Debug|Any CPU.Build.0 = Debug|Any CPU
		{2D6AE52A-111B-4BE3-8BF5-42DD86A99A0E}.Release|Any CPU.ActiveCfg = Release|Any CPU
		{2D6AE52A-111B-4BE3-8BF5-42DD86A99A0E}.Release|Any CPU.Build.0 = Release|Any CPU
	EndGlobalSection
	GlobalSection(SolutionProperties) = preSolution
		HideSolutionNode = FALSE
	EndGlobalSection
	GlobalSection(ExtensibilityGlobals) = postSolution
		SolutionGuid = {D24B8166-F364-4481-A775-7C3BE750A026}
	EndGlobalSection
EndGlobal
